
Microsoft Visual Studio Solution File, Format Version 12.00
# Visual Studio Version 16
VisualStudioVersion = 16.0.30717.126
MinimumVisualStudioVersion = 10.0.40219.1
Project("{FAE04EC0-301F-11D3-BF4B-00C04F79EFBC}") = "AzureTasksManagerAPI", "AzureTasksManagerAPI\AzureTasksManagerAPI.csproj", "{CCB4B521-2EBE-4949-83B6-BDC92A24B0F2}"
EndProject
Project("{FAE04EC0-301F-11D3-BF4B-00C04F79EFBC}") = "AzureTasksManagerSDK", "AzureTasksManagerSDK\AzureTasksManagerSDK.csproj", "{7FFF5E3C-E7B9-4513-8524-0920F43864E6}"
EndProject
Project("{FAE04EC0-301F-11D3-BF4B-00C04F79EFBC}") = "QRCodeBuilder", "QRCodeBuilder\QRCodeBuilder.csproj", "{441BACBC-7850-4D2F-BCBB-D844E9981A0F}"
EndProject
Global
	GlobalSection(SolutionConfigurationPlatforms) = preSolution
		Debug|Any CPU = Debug|Any CPU
		Release|Any CPU = Release|Any CPU
	EndGlobalSection
	GlobalSection(ProjectConfigurationPlatforms) = postSolution
		{CCB4B521-2EBE-4949-83B6-BDC92A24B0F2}.Debug|Any CPU.ActiveCfg = Debug|Any CPU
		{CCB4B521-2EBE-4949-83B6-BDC92A24B0F2}.Debug|Any CPU.Build.0 = Debug|Any CPU
		{CCB4B521-2EBE-4949-83B6-BDC92A24B0F2}.Release|Any CPU.ActiveCfg = Release|Any CPU
		{CCB4B521-2EBE-4949-83B6-BDC92A24B0F2}.Release|Any CPU.Build.0 = Release|Any CPU
		{7FFF5E3C-E7B9-4513-8524-0920F43864E6}.Debug|Any CPU.ActiveCfg = Debug|Any CPU
		{7FFF5E3C-E7B9-4513-8524-0920F43864E6}.Debug|Any CPU.Build.0 = Debug|Any CPU
		{7FFF5E3C-E7B9-4513-8524-0920F43864E6}.Release|Any CPU.ActiveCfg = Release|Any CPU
		{7FFF5E3C-E7B9-4513-8524-0920F43864E6}.Release|Any CPU.Build.0 = Release|Any CPU
		{441BACBC-7850-4D2F-BCBB-D844E9981A0F}.Debug|Any CPU.ActiveCfg = Debug|Any CPU
		{441BACBC-7850-4D2F-BCBB-D844E9981A0F}.Debug|Any CPU.Build.0 = Debug|Any CPU
		{441BACBC-7850-4D2F-BCBB-D844E9981A0F}.Release|Any CPU.ActiveCfg = Release|Any CPU
		{441BACBC-7850-4D2F-BCBB-D844E9981A0F}.Release|Any CPU.Build.0 = Release|Any CPU
	EndGlobalSection
	GlobalSection(SolutionProperties) = preSolution
		HideSolutionNode = FALSE
	EndGlobalSection
	GlobalSection(ExtensibilityGlobals) = postSolution
		SolutionGuid = {265CC999-7B18-4CEC-AF7A-CC45635BB41D}
	EndGlobalSection
EndGlobal
